// !$*UTF8*$!
{
	archiveVersion = 1;
	classes = {
	};
	objectVersion = 51;
	objects = {

/* Begin PBXBuildFile section */
		43F27E582312EDC80068A5A1 /* AppDelegate.swift in Sources */ = {isa = PBXBuildFile; fileRef = 43F27E572312EDC80068A5A1 /* AppDelegate.swift */; };
		43F27E5A2312EDC80068A5A1 /* ViewController.swift in Sources */ = {isa = PBXBuildFile; fileRef = 43F27E592312EDC80068A5A1 /* ViewController.swift */; };
		43F27E5D2312EDC80068A5A1 /* Main.storyboard in Resources */ = {isa = PBXBuildFile; fileRef = 43F27E5B2312EDC80068A5A1 /* Main.storyboard */; };
		43F27E5F2312EDC90068A5A1 /* Assets.xcassets in Resources */ = {isa = PBXBuildFile; fileRef = 43F27E5E2312EDC90068A5A1 /* Assets.xcassets */; };
		43F27E622312EDC90068A5A1 /* LaunchScreen.storyboard in Resources */ = {isa = PBXBuildFile; fileRef = 43F27E602312EDC90068A5A1 /* LaunchScreen.storyboard */; };
		BDE7F44913D991AE55797070 /* Pods_HEREMapsExample.framework in Frameworks */ = {isa = PBXBuildFile; fileRef = BB4B45FC544D779A16BF62C2 /* Pods_HEREMapsExample.framework */; };
/* End PBXBuildFile section */

/* Begin PBXFileReference section */
		3AAE248BD8A1C9BC2383138B /* Pods-HEREMapsExample.release.xcconfig */ = {isa = PBXFileReference; includeInIndex = 1; lastKnownFileType = text.xcconfig; name = "Pods-HEREMapsExample.release.xcconfig"; path = "Target Support Files/Pods-HEREMapsExample/Pods-HEREMapsExample.release.xcconfig"; sourceTree = "<group>"; };
		43F27E542312EDC80068A5A1 /* HEREMapsExample.app */ = {isa = PBXFileReference; explicitFileType = wrapper.application; includeInIndex = 0; path = HEREMapsExample.app; sourceTree = BUILT_PRODUCTS_DIR; };
		43F27E572312EDC80068A5A1 /* AppDelegate.swift */ = {isa = PBXFileReference; lastKnownFileType = sourcecode.swift; path = AppDelegate.swift; sourceTree = "<group>"; };
		43F27E592312EDC80068A5A1 /* ViewController.swift */ = {isa = PBXFileReference; lastKnownFileType = sourcecode.swift; path = ViewController.swift; sourceTree = "<group>"; };
		43F27E5C2312EDC80068A5A1 /* Base */ = {isa = PBXFileReference; lastKnownFileType = file.storyboard; name = Base; path = Base.lproj/Main.storyboard; sourceTree = "<group>"; };
		43F27E5E2312EDC90068A5A1 /* Assets.xcassets */ = {isa = PBXFileReference; lastKnownFileType = folder.assetcatalog; path = Assets.xcassets; sourceTree = "<group>"; };
		43F27E612312EDC90068A5A1 /* Base */ = {isa = PBXFileReference; lastKnownFileType = file.storyboard; name = Base; path = Base.lproj/LaunchScreen.storyboard; sourceTree = "<group>"; };
		43F27E632312EDC90068A5A1 /* Info.plist */ = {isa = PBXFileReference; lastKnownFileType = text.plist.xml; path = Info.plist; sourceTree = "<group>"; };
		AD5291A87D49A7B7745DD167 /* Pods-HEREMapsExample.debug.xcconfig */ = {isa = PBXFileReference; includeInIndex = 1; lastKnownFileType = text.xcconfig; name = "Pods-HEREMapsExample.debug.xcconfig"; path = "Target Support Files/Pods-HEREMapsExample/Pods-HEREMapsExample.debug.xcconfig"; sourceTree = "<group>"; };
		BB4B45FC544D779A16BF62C2 /* Pods_HEREMapsExample.framework */ = {isa = PBXFileReference; explicitFileType = wrapper.framework; includeInIndex = 0; path = Pods_HEREMapsExample.framework; sourceTree = BUILT_PRODUCTS_DIR; };
/* End PBXFileReference section */

/* Begin PBXFrameworksBuildPhase section */
		43F27E512312EDC80068A5A1 /* Frameworks */ = {
			isa = PBXFrameworksBuildPhase;
			buildActionMask = 2147483647;
			files = (
				BDE7F44913D991AE55797070 /* Pods_HEREMapsExample.framework in Frameworks */,
			);
			runOnlyForDeploymentPostprocessing = 0;
		};
/* End PBXFrameworksBuildPhase section */

/* Begin PBXGroup section */
		1032889E1C94E1F70DFD281D /* Pods */ = {
			isa = PBXGroup;
			children = (
				AD5291A87D49A7B7745DD167 /* Pods-HEREMapsExample.debug.xcconfig */,
				3AAE248BD8A1C9BC2383138B /* Pods-HEREMapsExample.release.xcconfig */,
			);
			path = Pods;
			sourceTree = "<group>";
		};
		43F27E4B2312EDC80068A5A1 = {
			isa = PBXGroup;
			children = (
				43F27E562312EDC80068A5A1 /* HEREMapsExample */,
				43F27E552312EDC80068A5A1 /* Products */,
				1032889E1C94E1F70DFD281D /* Pods */,
				75C383AB558D6C9EED1895B1 /* Frameworks */,
			);
			sourceTree = "<group>";
		};
		43F27E552312EDC80068A5A1 /* Products */ = {
			isa = PBXGroup;
			children = (
				43F27E542312EDC80068A5A1 /* HEREMapsExample.app */,
			);
			name = Products;
			sourceTree = "<group>";
		};
		43F27E562312EDC80068A5A1 /* HEREMapsExample */ = {
			isa = PBXGroup;
			children = (
				43F27E572312EDC80068A5A1 /* AppDelegate.swift */,
				43F27E592312EDC80068A5A1 /* ViewController.swift */,
				43F27E5B2312EDC80068A5A1 /* Main.storyboard */,
				43F27E5E2312EDC90068A5A1 /* Assets.xcassets */,
				43F27E602312EDC90068A5A1 /* LaunchScreen.storyboard */,
				43F27E632312EDC90068A5A1 /* Info.plist */,
			);
			path = HEREMapsExample;
			sourceTree = "<group>";
		};
		75C383AB558D6C9EED1895B1 /* Frameworks */ = {
			isa = PBXGroup;
			children = (
				BB4B45FC544D779A16BF62C2 /* Pods_HEREMapsExample.framework */,
			);
			name = Frameworks;
			sourceTree = "<group>";
		};
/* End PBXGroup section */

/* Begin PBXNativeTarget section */
		43F27E532312EDC80068A5A1 /* HEREMapsExample */ = {
			isa = PBXNativeTarget;
			buildConfigurationList = 43F27E662312EDCA0068A5A1 /* Build configuration list for PBXNativeTarget "HEREMapsExample" */;
			buildPhases = (
				38BD7EC6F4500ACAD2950368 /* [CP] Check Pods Manifest.lock */,
				43F27E502312EDC80068A5A1 /* Sources */,
				43F27E512312EDC80068A5A1 /* Frameworks */,
				43F27E522312EDC80068A5A1 /* Resources */,
				B44B5DD0B63B6F0472623E27 /* [CP] Embed Pods Frameworks */,
			);
			buildRules = (
			);
			dependencies = (
			);
			name = HEREMapsExample;
			productName = HEREMapsExample;
			productReference = 43F27E542312EDC80068A5A1 /* HEREMapsExample.app */;
			productType = "com.apple.product-type.application";
		};
/* End PBXNativeTarget section */

/* Begin PBXProject section */
		43F27E4C2312EDC80068A5A1 /* Project object */ = {
			isa = PBXProject;
			attributes = {
				LastSwiftUpdateCheck = 1030;
				LastUpgradeCheck = 1030;
				ORGANIZATIONNAME = "Vladyslav Kudelia";
				TargetAttributes = {
					43F27E532312EDC80068A5A1 = {
						CreatedOnToolsVersion = 10.3;
					};
				};
			};
			buildConfigurationList = 43F27E4F2312EDC80068A5A1 /* Build configuration list for PBXProject "HEREMapsExample" */;
			compatibilityVersion = "Xcode 9.3";
			developmentRegion = en;
			hasScannedForEncodings = 0;
			knownRegions = (
				en,
				Base,
			);
			mainGroup = 43F27E4B2312EDC80068A5A1;
			productRefGroup = 43F27E552312EDC80068A5A1 /* Products */;
			projectDirPath = "";
			projectRoot = "";
			targets = (
				43F27E532312EDC80068A5A1 /* HEREMapsExample */,
			);
		};
/* End PBXProject section */

/* Begin PBXResourcesBuildPhase section */
		43F27E522312EDC80068A5A1 /* Resources */ = {
			isa = PBXResourcesBuildPhase;
			buildActionMask = 2147483647;
			files = (
				43F27E622312EDC90068A5A1 /* LaunchScreen.storyboard in Resources */,
				43F27E5F2312EDC90068A5A1 /* Assets.xcassets in Resources */,
				43F27E5D2312EDC80068A5A1 /* Main.storyboard in Resources */,
			);
			runOnlyForDeploymentPostprocessing = 0;
		};
/* End PBXResourcesBuildPhase section */

/* Begin PBXShellScriptBuildPhase section */
		38BD7EC6F4500ACAD2950368 /* [CP] Check Pods Manifest.lock */ = {
			isa = PBXShellScriptBuildPhase;
			buildActionMask = 2147483647;
			files = (
			);
			inputFileListPaths = (
			);
			inputPaths = (
				"${PODS_PODFILE_DIR_PATH}/Podfile.lock",
				"${PODS_ROOT}/Manifest.lock",
			);
			name = "[CP] Check Pods Manifest.lock";
			outputFileListPaths = (
			);
			outputPaths = (
				"$(DERIVED_FILE_DIR)/Pods-HEREMapsExample-checkManifestLockResult.txt",
			);
			runOnlyForDeploymentPostprocessing = 0;
			shellPath = /bin/sh;
			shellScript = "diff \"${PODS_PODFILE_DIR_PATH}/Podfile.lock\" \"${PODS_ROOT}/Manifest.lock\" > /dev/null\nif [ $? != 0 ] ; then\n    # print error to STDERR\n    echo \"error: The sandbox is not in sync with the Podfile.lock. Run 'pod install' or update your CocoaPods installation.\" >&2\n    exit 1\nfi\n# This output is used by Xcode 'outputs' to avoid re-running this script phase.\necho \"SUCCESS\" > \"${SCRIPT_OUTPUT_FILE_0}\"\n";
			showEnvVarsInLog = 0;
		};
		B44B5DD0B63B6F0472623E27 /* [CP] Embed Pods Frameworks */ = {
			isa = PBXShellScriptBuildPhase;
			buildActionMask = 2147483647;
			files = (
			);
			inputFileListPaths = (
				"${PODS_ROOT}/Target Support Files/Pods-HEREMapsExample/Pods-HEREMapsExample-frameworks-${CONFIGURATION}-input-files.xcfilelist",
			);
			name = "[CP] Embed Pods Frameworks";
			outputFileListPaths = (
				"${PODS_ROOT}/Target Support Files/Pods-HEREMapsExample/Pods-HEREMapsExample-frameworks-${CONFIGURATION}-output-files.xcfilelist",
			);
			runOnlyForDeploymentPostprocessing = 0;
			shellPath = /bin/sh;
			shellScript = "\"${PODS_ROOT}/Target Support Files/Pods-HEREMapsExample/Pods-HEREMapsExample-frameworks.sh\"\n";
			showEnvVarsInLog = 0;
		};
/* End PBXShellScriptBuildPhase section */

/* Begin PBXSourcesBuildPhase section */
		43F27E502312EDC80068A5A1 /* Sources */ = {
			isa = PBXSourcesBuildPhase;
			buildActionMask = 2147483647;
			files = (
				43F27E5A2312EDC80068A5A1 /* ViewController.swift in Sources */,
				43F27E582312EDC80068A5A1 /* AppDelegate.swift in Sources */,
			);
			runOnlyForDeploymentPostprocessing = 0;
		};
/* End PBXSourcesBuildPhase section */

/* Begin PBXVariantGroup section */
		43F27E5B2312EDC80068A5A1 /* Main.storyboard */ = {
			isa = PBXVariantGroup;
			children = (
				43F27E5C2312EDC80068A5A1 /* Base */,
			);
			name = Main.storyboard;
			sourceTree = "<group>";
		};
		43F27E602312EDC90068A5A1 /* LaunchScreen.storyboard */ = {
			isa = PBXVariantGroup;
			children = (
				43F27E612312EDC90068A5A1 /* Base */,
			);
			name = LaunchScreen.storyboard;
			sourceTree = "<group>";
		};
/* End PBXVariantGroup section */

/* Begin XCBuildConfiguration section */
		43F27E642312EDCA0068A5A1 /* Debug */ = {
			isa = XCBuildConfiguration;
			buildSettings = {
				ALWAYS_SEARCH_USER_PATHS = NO;
				CLANG_ANALYZER_NONNULL = YES;
				CLANG_ANALYZER_NUMBER_OBJECT_CONVERSION = YES_AGGRESSIVE;
				CLANG_CXX_LANGUAGE_STANDARD = "gnu++14";
				CLANG_CXX_LIBRARY = "libc++";
				CLANG_ENABLE_MODULES = YES;
				CLANG_ENABLE_OBJC_ARC = YES;
				CLANG_ENABLE_OBJC_WEAK = YES;
				CLANG_WARN_BLOCK_CAPTURE_AUTORELEASING = YES;
				CLANG_WARN_BOOL_CONVERSION = YES;
				CLANG_WARN_COMMA = YES;
				CLANG_WARN_CONSTANT_CONVERSION = YES;
				CLANG_WARN_DEPRECATED_OBJC_IMPLEMENTATIONS = YES;
				CLANG_WARN_DIRECT_OBJC_ISA_USAGE = YES_ERROR;
				CLANG_WARN_DOCUMENTATION_COMMENTS = YES;
				CLANG_WARN_EMPTY_BODY = YES;
				CLANG_WARN_ENUM_CONVERSION = YES;
				CLANG_WARN_INFINITE_RECURSION = YES;
				CLANG_WARN_INT_CONVERSION = YES;
				CLANG_WARN_NON_LITERAL_NULL_CONVERSION = YES;
				CLANG_WARN_OBJC_IMPLICIT_RETAIN_SELF = YES;
				CLANG_WARN_OBJC_LITERAL_CONVERSION = YES;
				CLANG_WARN_OBJC_ROOT_CLASS = YES_ERROR;
				CLANG_WARN_RANGE_LOOP_ANALYSIS = YES;
				CLANG_WARN_STRICT_PROTOTYPES = YES;
				CLANG_WARN_SUSPICIOUS_MOVE = YES;
				CLANG_WARN_UNGUARDED_AVAILABILITY = YES_AGGRESSIVE;
				CLANG_WARN_UNREACHABLE_CODE = YES;
				CLANG_WARN__DUPLICATE_METHOD_MATCH = YES;
				CODE_SIGN_IDENTITY = "iPhone Developer";
				COPY_PHASE_STRIP = NO;
				DEBUG_INFORMATION_FORMAT = dwarf;
				ENABLE_STRICT_OBJC_MSGSEND = YES;
				ENABLE_TESTABILITY = YES;
				GCC_C_LANGUAGE_STANDARD = gnu11;
				GCC_DYNAMIC_NO_PIC = NO;
				GCC_NO_COMMON_BLOCKS = YES;
				GCC_OPTIMIZATION_LEVEL = 0;
				GCC_PREPROCESSOR_DEFINITIONS = (
					"DEBUG=1",
					"$(inherited)",
				);
				GCC_WARN_64_TO_32_BIT_CONVERSION = YES;
				GCC_WARN_ABOUT_RETURN_TYPE = YES_ERROR;
				GCC_WARN_UNDECLARED_SELECTOR = YES;
				GCC_WARN_UNINITIALIZED_AUTOS = YES_AGGRESSIVE;
				GCC_WARN_UNUSED_FUNCTION = YES;
				GCC_WARN_UNUSED_VARIABLE = YES;
				IPHONEOS_DEPLOYMENT_TARGET = 12.4;
				MTL_ENABLE_DEBUG_INFO = INCLUDE_SOURCE;
				MTL_FAST_MATH = YES;
				ONLY_ACTIVE_ARCH = YES;
				SDKROOT = iphoneos;
				SWIFT_ACTIVE_COMPILATION_CONDITIONS = DEBUG;
				SWIFT_OPTIMIZATION_LEVEL = "-Onone";
			};
			name = Debug;
		};
		43F27E652312EDCA0068A5A1 /* Release */ = {
			isa = XCBuildConfiguration;
			buildSettings = {
				ALWAYS_SEARCH_USER_PATHS = NO;
				CLANG_ANALYZER_NONNULL = YES;
				CLANG_ANALYZER_NUMBER_OBJECT_CONVERSION = YES_AGGRESSIVE;
				CLANG_CXX_LANGUAGE_STANDARD = "gnu++14";
				CLANG_CXX_LIBRARY = "libc++";
				CLANG_ENABLE_MODULES = YES;
				CLANG_ENABLE_OBJC_ARC = YES;
				CLANG_ENABLE_OBJC_WEAK = YES;
				CLANG_WARN_BLOCK_CAPTURE_AUTORELEASING = YES;
				CLANG_WARN_BOOL_CONVERSION = YES;
				CLANG_WARN_COMMA = YES;
				CLANG_WARN_CONSTANT_CONVERSION = YES;
				CLANG_WARN_DEPRECATED_OBJC_IMPLEMENTATIONS = YES;
				CLANG_WARN_DIRECT_OBJC_ISA_USAGE = YES_ERROR;
				CLANG_WARN_DOCUMENTATION_COMMENTS = YES;
				CLANG_WARN_EMPTY_BODY = YES;
				CLANG_WARN_ENUM_CONVERSION = YES;
				CLANG_WARN_INFINITE_RECURSION = YES;
				CLANG_WARN_INT_CONVERSION = YES;
				CLANG_WARN_NON_LITERAL_NULL_CONVERSION = YES;
				CLANG_WARN_OBJC_IMPLICIT_RETAIN_SELF = YES;
				CLANG_WARN_OBJC_LITERAL_CONVERSION = YES;
				CLANG_WARN_OBJC_ROOT_CLASS = YES_ERROR;
				CLANG_WARN_RANGE_LOOP_ANALYSIS = YES;
				CLANG_WARN_STRICT_PROTOTYPES = YES;
				CLANG_WARN_SUSPICIOUS_MOVE = YES;
				CLANG_WARN_UNGUARDED_AVAILABILITY = YES_AGGRESSIVE;
				CLANG_WARN_UNREACHABLE_CODE = YES;
				CLANG_WARN__DUPLICATE_METHOD_MATCH = YES;
				CODE_SIGN_IDENTITY = "iPhone Developer";
				COPY_PHASE_STRIP = NO;
				DEBUG_INFORMATION_FORMAT = "dwarf-with-dsym";
				ENABLE_NS_ASSERTIONS = NO;
				ENABLE_STRICT_OBJC_MSGSEND = YES;
				GCC_C_LANGUAGE_STANDARD = gnu11;
				GCC_NO_COMMON_BLOCKS = YES;
				GCC_WARN_64_TO_32_BIT_CONVERSION = YES;
				GCC_WARN_ABOUT_RETURN_TYPE = YES_ERROR;
				GCC_WARN_UNDECLARED_SELECTOR = YES;
				GCC_WARN_UNINITIALIZED_AUTOS = YES_AGGRESSIVE;
				GCC_WARN_UNUSED_FUNCTION = YES;
				GCC_WARN_UNUSED_VARIABLE = YES;
				IPHONEOS_DEPLOYMENT_TARGET = 12.4;
				MTL_ENABLE_DEBUG_INFO = NO;
				MTL_FAST_MATH = YES;
				SDKROOT = iphoneos;
				SWIFT_COMPILATION_MODE = wholemodule;
				SWIFT_OPTIMIZATION_LEVEL = "-O";
				VALIDATE_PRODUCT = YES;
			};
			name = Release;
		};
		43F27E672312EDCA0068A5A1 /* Debug */ = {
			isa = XCBuildConfiguration;
			baseConfigurationReference = AD5291A87D49A7B7745DD167 /* Pods-HEREMapsExample.debug.xcconfig */;
			buildSettings = {
				ASSETCATALOG_COMPILER_APPICON_NAME = AppIcon;
				CODE_SIGN_STYLE = Automatic;
				DEVELOPMENT_TEAM = FW5YV3C8HR;
				FRAMEWORK_SEARCH_PATHS = (
					"$(inherited)",
					"$(PROJECT_DIR)",
				);
				INFOPLIST_FILE = HEREMapsExample/Info.plist;
				LD_RUNPATH_SEARCH_PATHS = (
					"$(inherited)",
					"@executable_path/Frameworks",
				);
				PRODUCT_BUNDLE_IDENTIFIER = vladyslavMacV8.HEREMapsExample;
				PRODUCT_NAME = "$(TARGET_NAME)";
				SWIFT_VERSION = 5.0;
				TARGETED_DEVICE_FAMILY = "1,2";
			};
			name = Debug;
		};
		43F27E682312EDCA0068A5A1 /* Release */ = {
			isa = XCBuildConfiguration;
			baseConfigurationReference = 3AAE248BD8A1C9BC2383138B /* Pods-HEREMapsExample.release.xcconfig */;
			buildSettings = {
				ASSETCATALOG_COMPILER_APPICON_NAME = AppIcon;
				CODE_SIGN_STYLE = Automatic;
				DEVELOPMENT_TEAM = FW5YV3C8HR;
				FRAMEWORK_SEARCH_PATHS = (
					"$(inherited)",
					"$(PROJECT_DIR)",
				);
				INFOPLIST_FILE = HEREMapsExample/Info.plist;
				LD_RUNPATH_SEARCH_PATHS = (
					"$(inherited)",
					"@executable_path/Frameworks",
				);
				PRODUCT_BUNDLE_IDENTIFIER = vladyslavMacV8.HEREMapsExample;
				PRODUCT_NAME = "$(TARGET_NAME)";
				SWIFT_VERSION = 5.0;
				TARGETED_DEVICE_FAMILY = "1,2";
			};
			name = Release;
		};
/* End XCBuildConfiguration section */

/* Begin XCConfigurationList section */
		43F27E4F2312EDC80068A5A1 /* Build configuration list for PBXProject "HEREMapsExample" */ = {
			isa = XCConfigurationList;
			buildConfigurations = (
				43F27E642312EDCA0068A5A1 /* Debug */,
				43F27E652312EDCA0068A5A1 /* Release */,
			);
			defaultConfigurationIsVisible = 0;
			defaultConfigurationName = Release;
		};
		43F27E662312EDCA0068A5A1 /* Build configuration list for PBXNativeTarget "HEREMapsExample" */ = {
			isa = XCConfigurationList;
			buildConfigurations = (
				43F27E672312EDCA0068A5A1 /* Debug */,
				43F27E682312EDCA0068A5A1 /* Release */,
			);
			defaultConfigurationIsVisible = 0;
			defaultConfigurationName = Release;
		};
/* End XCConfigurationList section */
	};
	rootObject = 43F27E4C2312EDC80068A5A1 /* Project object */;
}
